// !$*UTF8*$!
{
	archiveVersion = 1;
	classes = {
	};
	objectVersion = 55;
	objects = {

/* Begin PBXBuildFile section */
		5D1231AA281E50F000F2C00A /* CombineVM.swift in Sources */ = {isa = PBXBuildFile; fileRef = 5D1231A9281E50F000F2C00A /* CombineVM.swift */; };
		5D1231AC281E51C900F2C00A /* Receiver.swift in Sources */ = {isa = PBXBuildFile; fileRef = 5D1231AB281E51C900F2C00A /* Receiver.swift */; };
		5DB2CEB8281E4C3D005F0FDA /* AppDelegate.swift in Sources */ = {isa = PBXBuildFile; fileRef = 5DB2CEB7281E4C3D005F0FDA /* AppDelegate.swift */; };
		5DB2CEBA281E4C3D005F0FDA /* SceneDelegate.swift in Sources */ = {isa = PBXBuildFile; fileRef = 5DB2CEB9281E4C3D005F0FDA /* SceneDelegate.swift */; };
		5DB2CEBC281E4C3D005F0FDA /* ViewController.swift in Sources */ = {isa = PBXBuildFile; fileRef = 5DB2CEBB281E4C3D005F0FDA /* ViewController.swift */; };
		5DB2CEBF281E4C3D005F0FDA /* Main.storyboard in Resources */ = {isa = PBXBuildFile; fileRef = 5DB2CEBD281E4C3D005F0FDA /* Main.storyboard */; };
		5DB2CEC1281E4C3E005F0FDA /* Assets.xcassets in Resources */ = {isa = PBXBuildFile; fileRef = 5DB2CEC0281E4C3E005F0FDA /* Assets.xcassets */; };
		5DB2CEC4281E4C3E005F0FDA /* LaunchScreen.storyboard in Resources */ = {isa = PBXBuildFile; fileRef = 5DB2CEC2281E4C3E005F0FDA /* LaunchScreen.storyboard */; };
/* End PBXBuildFile section */

/* Begin PBXFileReference section */
		5D1231A9281E50F000F2C00A /* CombineVM.swift */ = {isa = PBXFileReference; lastKnownFileType = sourcecode.swift; path = CombineVM.swift; sourceTree = "<group>"; };
		5D1231AB281E51C900F2C00A /* Receiver.swift */ = {isa = PBXFileReference; lastKnownFileType = sourcecode.swift; path = Receiver.swift; sourceTree = "<group>"; };
		5DB2CEB4281E4C3D005F0FDA /* CombineDemo.app */ = {isa = PBXFileReference; explicitFileType = wrapper.application; includeInIndex = 0; path = CombineDemo.app; sourceTree = BUILT_PRODUCTS_DIR; };
		5DB2CEB7281E4C3D005F0FDA /* AppDelegate.swift */ = {isa = PBXFileReference; lastKnownFileType = sourcecode.swift; path = AppDelegate.swift; sourceTree = "<group>"; };
		5DB2CEB9281E4C3D005F0FDA /* SceneDelegate.swift */ = {isa = PBXFileReference; lastKnownFileType = sourcecode.swift; path = SceneDelegate.swift; sourceTree = "<group>"; };
		5DB2CEBB281E4C3D005F0FDA /* ViewController.swift */ = {isa = PBXFileReference; lastKnownFileType = sourcecode.swift; path = ViewController.swift; sourceTree = "<group>"; };
		5DB2CEBE281E4C3D005F0FDA /* Base */ = {isa = PBXFileReference; lastKnownFileType = file.storyboard; name = Base; path = Base.lproj/Main.storyboard; sourceTree = "<group>"; };
		5DB2CEC0281E4C3E005F0FDA /* Assets.xcassets */ = {isa = PBXFileReference; lastKnownFileType = folder.assetcatalog; path = Assets.xcassets; sourceTree = "<group>"; };
		5DB2CEC3281E4C3E005F0FDA /* Base */ = {isa = PBXFileReference; lastKnownFileType = file.storyboard; name = Base; path = Base.lproj/LaunchScreen.storyboard; sourceTree = "<group>"; };
		5DB2CEC5281E4C3E005F0FDA /* Info.plist */ = {isa = PBXFileReference; lastKnownFileType = text.plist.xml; path = Info.plist; sourceTree = "<group>"; };
/* End PBXFileReference section */

/* Begin PBXFrameworksBuildPhase section */
		5DB2CEB1281E4C3D005F0FDA /* Frameworks */ = {
			isa = PBXFrameworksBuildPhase;
			buildActionMask = 2147483647;
			files = (
			);
			runOnlyForDeploymentPostprocessing = 0;
		};
/* End PBXFrameworksBuildPhase section */

/* Begin PBXGroup section */
		5D1231A8281E50E000F2C00A /* ViewModel */ = {
			isa = PBXGroup;
			children = (
				5D1231A9281E50F000F2C00A /* CombineVM.swift */,
				5D1231AB281E51C900F2C00A /* Receiver.swift */,
			);
			path = ViewModel;
			sourceTree = "<group>";
		};
		5DB2CEAB281E4C3D005F0FDA = {
			isa = PBXGroup;
			children = (
				5DB2CEB6281E4C3D005F0FDA /* CombineDemo */,
				5DB2CEB5281E4C3D005F0FDA /* Products */,
			);
			sourceTree = "<group>";
		};
		5DB2CEB5281E4C3D005F0FDA /* Products */ = {
			isa = PBXGroup;
			children = (
				5DB2CEB4281E4C3D005F0FDA /* CombineDemo.app */,
			);
			name = Products;
			sourceTree = "<group>";
		};
		5DB2CEB6281E4C3D005F0FDA /* CombineDemo */ = {
			isa = PBXGroup;
			children = (
				5DB2CECC281E4C4F005F0FDA /* ProjectUtil */,
				5DB2CECB281E4C49005F0FDA /* ProjectMain */,
				5D1231A8281E50E000F2C00A /* ViewModel */,
				5DB2CEBB281E4C3D005F0FDA /* ViewController.swift */,
			);
			path = CombineDemo;
			sourceTree = "<group>";
		};
		5DB2CECB281E4C49005F0FDA /* ProjectMain */ = {
			isa = PBXGroup;
			children = (
				5DB2CEB7281E4C3D005F0FDA /* AppDelegate.swift */,
				5DB2CEB9281E4C3D005F0FDA /* SceneDelegate.swift */,
			);
			path = ProjectMain;
			sourceTree = "<group>";
		};
		5DB2CECC281E4C4F005F0FDA /* ProjectUtil */ = {
			isa = PBXGroup;
			children = (
				5DB2CEBD281E4C3D005F0FDA /* Main.storyboard */,
				5DB2CEC0281E4C3E005F0FDA /* Assets.xcassets */,
				5DB2CEC2281E4C3E005F0FDA /* LaunchScreen.storyboard */,
				5DB2CEC5281E4C3E005F0FDA /* Info.plist */,
			);
			path = ProjectUtil;
			sourceTree = "<group>";
		};
/* End PBXGroup section */

/* Begin PBXNativeTarget section */
		5DB2CEB3281E4C3D005F0FDA /* CombineDemo */ = {
			isa = PBXNativeTarget;
			buildConfigurationList = 5DB2CEC8281E4C3E005F0FDA /* Build configuration list for PBXNativeTarget "CombineDemo" */;
			buildPhases = (
				5DB2CEB0281E4C3D005F0FDA /* Sources */,
				5DB2CEB1281E4C3D005F0FDA /* Frameworks */,
				5DB2CEB2281E4C3D005F0FDA /* Resources */,
			);
			buildRules = (
			);
			dependencies = (
			);
			name = CombineDemo;
			productName = CombineDemo;
			productReference = 5DB2CEB4281E4C3D005F0FDA /* CombineDemo.app */;
			productType = "com.apple.product-type.application";
		};
/* End PBXNativeTarget section */

/* Begin PBXProject section */
		5DB2CEAC281E4C3D005F0FDA /* Project object */ = {
			isa = PBXProject;
			attributes = {
				BuildIndependentTargetsInParallel = 1;
				LastSwiftUpdateCheck = 1330;
				LastUpgradeCheck = 1330;
				TargetAttributes = {
					5DB2CEB3281E4C3D005F0FDA = {
						CreatedOnToolsVersion = 13.3;
					};
				};
			};
			buildConfigurationList = 5DB2CEAF281E4C3D005F0FDA /* Build configuration list for PBXProject "CombineDemo" */;
			compatibilityVersion = "Xcode 13.0";
			developmentRegion = en;
			hasScannedForEncodings = 0;
			knownRegions = (
				en,
				Base,
			);
			mainGroup = 5DB2CEAB281E4C3D005F0FDA;
			productRefGroup = 5DB2CEB5281E4C3D005F0FDA /* Products */;
			projectDirPath = "";
			projectRoot = "";
			targets = (
				5DB2CEB3281E4C3D005F0FDA /* CombineDemo */,
			);
		};
/* End PBXProject section */

/* Begin PBXResourcesBuildPhase section */
		5DB2CEB2281E4C3D005F0FDA /* Resources */ = {
			isa = PBXResourcesBuildPhase;
			buildActionMask = 2147483647;
			files = (
				5DB2CEC4281E4C3E005F0FDA /* LaunchScreen.storyboard in Resources */,
				5DB2CEC1281E4C3E005F0FDA /* Assets.xcassets in Resources */,
				5DB2CEBF281E4C3D005F0FDA /* Main.storyboard in Resources */,
			);
			runOnlyForDeploymentPostprocessing = 0;
		};
/* End PBXResourcesBuildPhase section */

/* Begin PBXSourcesBuildPhase section */
		5DB2CEB0281E4C3D005F0FDA /* Sources */ = {
			isa = PBXSourcesBuildPhase;
			buildActionMask = 2147483647;
			files = (
				5DB2CEBC281E4C3D005F0FDA /* ViewController.swift in Sources */,
				5DB2CEB8281E4C3D005F0FDA /* AppDelegate.swift in Sources */,
				5D1231AC281E51C900F2C00A /* Receiver.swift in Sources */,
				5D1231AA281E50F000F2C00A /* CombineVM.swift in Sources */,
				5DB2CEBA281E4C3D005F0FDA /* SceneDelegate.swift in Sources */,
			);
			runOnlyForDeploymentPostprocessing = 0;
		};
/* End PBXSourcesBuildPhase section */

/* Begin PBXVariantGroup section */
		5DB2CEBD281E4C3D005F0FDA /* Main.storyboard */ = {
			isa = PBXVariantGroup;
			children = (
				5DB2CEBE281E4C3D005F0FDA /* Base */,
			);
			name = Main.storyboard;
			sourceTree = "<group>";
		};
		5DB2CEC2281E4C3E005F0FDA /* LaunchScreen.storyboard */ = {
			isa = PBXVariantGroup;
			children = (
				5DB2CEC3281E4C3E005F0FDA /* Base */,
			);
			name = LaunchScreen.storyboard;
			sourceTree = "<group>";
		};
/* End PBXVariantGroup section */

/* Begin XCBuildConfiguration section */
		5DB2CEC6281E4C3E005F0FDA /* Debug */ = {
			isa = XCBuildConfiguration;
			buildSettings = {
				ALWAYS_SEARCH_USER_PATHS = NO;
				CLANG_ANALYZER_NONNULL = YES;
				CLANG_ANALYZER_NUMBER_OBJECT_CONVERSION = YES_AGGRESSIVE;
				CLANG_CXX_LANGUAGE_STANDARD = "gnu++17";
				CLANG_ENABLE_MODULES = YES;
				CLANG_ENABLE_OBJC_ARC = YES;
				CLANG_ENABLE_OBJC_WEAK = YES;
				CLANG_WARN_BLOCK_CAPTURE_AUTORELEASING = YES;
				CLANG_WARN_BOOL_CONVERSION = YES;
				CLANG_WARN_COMMA = YES;
				CLANG_WARN_CONSTANT_CONVERSION = YES;
				CLANG_WARN_DEPRECATED_OBJC_IMPLEMENTATIONS = YES;
				CLANG_WARN_DIRECT_OBJC_ISA_USAGE = YES_ERROR;
				CLANG_WARN_DOCUMENTATION_COMMENTS = YES;
				CLANG_WARN_EMPTY_BODY = YES;
				CLANG_WARN_ENUM_CONVERSION = YES;
				CLANG_WARN_INFINITE_RECURSION = YES;
				CLANG_WARN_INT_CONVERSION = YES;
				CLANG_WARN_NON_LITERAL_NULL_CONVERSION = YES;
				CLANG_WARN_OBJC_IMPLICIT_RETAIN_SELF = YES;
				CLANG_WARN_OBJC_LITERAL_CONVERSION = YES;
				CLANG_WARN_OBJC_ROOT_CLASS = YES_ERROR;
				CLANG_WARN_QUOTED_INCLUDE_IN_FRAMEWORK_HEADER = YES;
				CLANG_WARN_RANGE_LOOP_ANALYSIS = YES;
				CLANG_WARN_STRICT_PROTOTYPES = YES;
				CLANG_WARN_SUSPICIOUS_MOVE = YES;
				CLANG_WARN_UNGUARDED_AVAILABILITY = YES_AGGRESSIVE;
				CLANG_WARN_UNREACHABLE_CODE = YES;
				CLANG_WARN__DUPLICATE_METHOD_MATCH = YES;
				COPY_PHASE_STRIP = NO;
				DEBUG_INFORMATION_FORMAT = dwarf;
				ENABLE_STRICT_OBJC_MSGSEND = YES;
				ENABLE_TESTABILITY = YES;
				GCC_C_LANGUAGE_STANDARD = gnu11;
				GCC_DYNAMIC_NO_PIC = NO;
				GCC_NO_COMMON_BLOCKS = YES;
				GCC_OPTIMIZATION_LEVEL = 0;
				GCC_PREPROCESSOR_DEFINITIONS = (
					"DEBUG=1",
					"$(inherited)",
				);
				GCC_WARN_64_TO_32_BIT_CONVERSION = YES;
				GCC_WARN_ABOUT_RETURN_TYPE = YES_ERROR;
				GCC_WARN_UNDECLARED_SELECTOR = YES;
				GCC_WARN_UNINITIALIZED_AUTOS = YES_AGGRESSIVE;
				GCC_WARN_UNUSED_FUNCTION = YES;
				GCC_WARN_UNUSED_VARIABLE = YES;
				IPHONEOS_DEPLOYMENT_TARGET = 15.4;
				MTL_ENABLE_DEBUG_INFO = INCLUDE_SOURCE;
				MTL_FAST_MATH = YES;
				ONLY_ACTIVE_ARCH = YES;
				SDKROOT = iphoneos;
				SWIFT_ACTIVE_COMPILATION_CONDITIONS = DEBUG;
				SWIFT_OPTIMIZATION_LEVEL = "-Onone";
			};
			name = Debug;
		};
		5DB2CEC7281E4C3E005F0FDA /* Release */ = {
			isa = XCBuildConfiguration;
			buildSettings = {
				ALWAYS_SEARCH_USER_PATHS = NO;
				CLANG_ANALYZER_NONNULL = YES;
				CLANG_ANALYZER_NUMBER_OBJECT_CONVERSION = YES_AGGRESSIVE;
				CLANG_CXX_LANGUAGE_STANDARD = "gnu++17";
				CLANG_ENABLE_MODULES = YES;
				CLANG_ENABLE_OBJC_ARC = YES;
				CLANG_ENABLE_OBJC_WEAK = YES;
				CLANG_WARN_BLOCK_CAPTURE_AUTORELEASING = YES;
				CLANG_WARN_BOOL_CONVERSION = YES;
				CLANG_WARN_COMMA = YES;
				CLANG_WARN_CONSTANT_CONVERSION = YES;
				CLANG_WARN_DEPRECATED_OBJC_IMPLEMENTATIONS = YES;
				CLANG_WARN_DIRECT_OBJC_ISA_USAGE = YES_ERROR;
				CLANG_WARN_DOCUMENTATION_COMMENTS = YES;
				CLANG_WARN_EMPTY_BODY = YES;
				CLANG_WARN_ENUM_CONVERSION = YES;
				CLANG_WARN_INFINITE_RECURSION = YES;
				CLANG_WARN_INT_CONVERSION = YES;
				CLANG_WARN_NON_LITERAL_NULL_CONVERSION = YES;
				CLANG_WARN_OBJC_IMPLICIT_RETAIN_SELF = YES;
				CLANG_WARN_OBJC_LITERAL_CONVERSION = YES;
				CLANG_WARN_OBJC_ROOT_CLASS = YES_ERROR;
				CLANG_WARN_QUOTED_INCLUDE_IN_FRAMEWORK_HEADER = YES;
				CLANG_WARN_RANGE_LOOP_ANALYSIS = YES;
				CLANG_WARN_STRICT_PROTOTYPES = YES;
				CLANG_WARN_SUSPICIOUS_MOVE = YES;
				CLANG_WARN_UNGUARDED_AVAILABILITY = YES_AGGRESSIVE;
				CLANG_WARN_UNREACHABLE_CODE = YES;
				CLANG_WARN__DUPLICATE_METHOD_MATCH = YES;
				COPY_PHASE_STRIP = NO;
				DEBUG_INFORMATION_FORMAT = "dwarf-with-dsym";
				ENABLE_NS_ASSERTIONS = NO;
				ENABLE_STRICT_OBJC_MSGSEND = YES;
				GCC_C_LANGUAGE_STANDARD = gnu11;
				GCC_NO_COMMON_BLOCKS = YES;
				GCC_WARN_64_TO_32_BIT_CONVERSION = YES;
				GCC_WARN_ABOUT_RETURN_TYPE = YES_ERROR;
				GCC_WARN_UNDECLARED_SELECTOR = YES;
				GCC_WARN_UNINITIALIZED_AUTOS = YES_AGGRESSIVE;
				GCC_WARN_UNUSED_FUNCTION = YES;
				GCC_WARN_UNUSED_VARIABLE = YES;
				IPHONEOS_DEPLOYMENT_TARGET = 15.4;
				MTL_ENABLE_DEBUG_INFO = NO;
				MTL_FAST_MATH = YES;
				SDKROOT = iphoneos;
				SWIFT_COMPILATION_MODE = wholemodule;
				SWIFT_OPTIMIZATION_LEVEL = "-O";
				VALIDATE_PRODUCT = YES;
			};
			name = Release;
		};
		5DB2CEC9281E4C3E005F0FDA /* Debug */ = {
			isa = XCBuildConfiguration;
			buildSettings = {
				ASSETCATALOG_COMPILER_APPICON_NAME = AppIcon;
				ASSETCATALOG_COMPILER_GLOBAL_ACCENT_COLOR_NAME = AccentColor;
				CODE_SIGN_STYLE = Automatic;
				CURRENT_PROJECT_VERSION = 1;
				DEVELOPMENT_TEAM = 397B5CCZGM;
				GENERATE_INFOPLIST_FILE = YES;
				INFOPLIST_FILE = CombineDemo/ProjectUtil/Info.plist;
				INFOPLIST_KEY_UIApplicationSupportsIndirectInputEvents = YES;
				INFOPLIST_KEY_UILaunchStoryboardName = LaunchScreen;
				INFOPLIST_KEY_UIMainStoryboardFile = Main;
				INFOPLIST_KEY_UISupportedInterfaceOrientations_iPad = "UIInterfaceOrientationPortrait UIInterfaceOrientationPortraitUpsideDown UIInterfaceOrientationLandscapeLeft UIInterfaceOrientationLandscapeRight";
				INFOPLIST_KEY_UISupportedInterfaceOrientations_iPhone = "UIInterfaceOrientationPortrait UIInterfaceOrientationLandscapeLeft UIInterfaceOrientationLandscapeRight";
				IPHONEOS_DEPLOYMENT_TARGET = 15.0;
				LD_RUNPATH_SEARCH_PATHS = (
					"$(inherited)",
					"@executable_path/Frameworks",
				);
				MARKETING_VERSION = 1.0;
				PRODUCT_BUNDLE_IDENTIFIER = com.unclean.CombineDemo;
				PRODUCT_NAME = "$(TARGET_NAME)";
				SWIFT_EMIT_LOC_STRINGS = YES;
				SWIFT_VERSION = 5.0;
				TARGETED_DEVICE_FAMILY = "1,2";
			};
			name = Debug;
		};
		5DB2CECA281E4C3E005F0FDA /* Release */ = {
			isa = XCBuildConfiguration;
			buildSettings = {
				ASSETCATALOG_COMPILER_APPICON_NAME = AppIcon;
				ASSETCATALOG_COMPILER_GLOBAL_ACCENT_COLOR_NAME = AccentColor;
				CODE_SIGN_STYLE = Automatic;
				CURRENT_PROJECT_VERSION = 1;
				DEVELOPMENT_TEAM = 397B5CCZGM;
				GENERATE_INFOPLIST_FILE = YES;
				INFOPLIST_FILE = CombineDemo/ProjectUtil/Info.plist;
				INFOPLIST_KEY_UIApplicationSupportsIndirectInputEvents = YES;
				INFOPLIST_KEY_UILaunchStoryboardName = LaunchScreen;
				INFOPLIST_KEY_UIMainStoryboardFile = Main;
				INFOPLIST_KEY_UISupportedInterfaceOrientations_iPad = "UIInterfaceOrientationPortrait UIInterfaceOrientationPortraitUpsideDown UIInterfaceOrientationLandscapeLeft UIInterfaceOrientationLandscapeRight";
				INFOPLIST_KEY_UISupportedInterfaceOrientations_iPhone = "UIInterfaceOrientationPortrait UIInterfaceOrientationLandscapeLeft UIInterfaceOrientationLandscapeRight";
				IPHONEOS_DEPLOYMENT_TARGET = 15.0;
				LD_RUNPATH_SEARCH_PATHS = (
					"$(inherited)",
					"@executable_path/Frameworks",
				);
				MARKETING_VERSION = 1.0;
				PRODUCT_BUNDLE_IDENTIFIER = com.unclean.CombineDemo;
				PRODUCT_NAME = "$(TARGET_NAME)";
				SWIFT_EMIT_LOC_STRINGS = YES;
				SWIFT_VERSION = 5.0;
				TARGETED_DEVICE_FAMILY = "1,2";
			};
			name = Release;
		};
/* End XCBuildConfiguration section */

/* Begin XCConfigurationList section */
		5DB2CEAF281E4C3D005F0FDA /* Build configuration list for PBXProject "CombineDemo" */ = {
			isa = XCConfigurationList;
			buildConfigurations = (
				5DB2CEC6281E4C3E005F0FDA /* Debug */,
				5DB2CEC7281E4C3E005F0FDA /* Release */,
			);
			defaultConfigurationIsVisible = 0;
			defaultConfigurationName = Release;
		};
		5DB2CEC8281E4C3E005F0FDA /* Build configuration list for PBXNativeTarget "CombineDemo" */ = {
			isa = XCConfigurationList;
			buildConfigurations = (
				5DB2CEC9281E4C3E005F0FDA /* Debug */,
				5DB2CECA281E4C3E005F0FDA /* Release */,
			);
			defaultConfigurationIsVisible = 0;
			defaultConfigurationName = Release;
		};
/* End XCConfigurationList section */
	};
	rootObject = 5DB2CEAC281E4C3D005F0FDA /* Project object */;
}
